
Microsoft Visual Studio Solution File, Format Version 12.00
# Visual Studio Version 17
VisualStudioVersion = 17.7.34024.191
MinimumVisualStudioVersion = 10.0.40219.1
Project("{FAE04EC0-301F-11D3-BF4B-00C04F79EFBC}") = "mineSweeper", "mineSweeper\mineSweeper.csproj", "{CF97413C-AA0B-402C-9DFF-DBBBB3164A13}"
EndProject
Global
	GlobalSection(SolutionConfigurationPlatforms) = preSolution
		Debug|Any CPU = Debug|Any CPU
		Release|Any CPU = Release|Any CPU
	EndGlobalSection
	GlobalSection(ProjectConfigurationPlatforms) = postSolution
		{CF97413C-AA0B-402C-9DFF-DBBBB3164A13}.Debug|Any CPU.ActiveCfg = Debug|Any CPU
		{CF97413C-AA0B-402C-9DFF-DBBBB3164A13}.Debug|Any CPU.Build.0 = Debug|Any CPU
		{CF97413C-AA0B-402C-9DFF-DBBBB3164A13}.Release|Any CPU.ActiveCfg = Release|Any CPU
		{CF97413C-AA0B-402C-9DFF-DBBBB3164A13}.Release|Any CPU.Build.0 = Release|Any CPU
	EndGlobalSection
	GlobalSection(SolutionProperties) = preSolution
		HideSolutionNode = FALSE
	EndGlobalSection
	GlobalSection(ExtensibilityGlobals) = postSolution
		SolutionGuid = {414F30A8-9EFA-4210-98EB-06E5DA3E505E}
	EndGlobalSection
EndGlobal
